
Microsoft Visual Studio Solution File, Format Version 12.00
# Visual Studio 15
VisualStudioVersion = 15.0.27130.2026
MinimumVisualStudioVersion = 10.0.40219.1
Project("{8BC9CEB8-8B4A-11D0-8D11-00A0C91BC942}") = "Animation FSM", "Animation FSM\Animation FSM.vcxproj", "{EFE18225-D80B-41D7-9ED2-10FB50FE3BC3}"
EndProject
Global
	GlobalSection(SolutionConfigurationPlatforms) = preSolution
		Debug|x64 = Debug|x64
		Debug|x86 = Debug|x86
		Release|x64 = Release|x64
		Release|x86 = Release|x86
	EndGlobalSection
	GlobalSection(ProjectConfigurationPlatforms) = postSolution
		{EFE18225-D80B-41D7-9ED2-10FB50FE3BC3}.Debug|x64.ActiveCfg = Debug|x64
		{EFE18225-D80B-41D7-9ED2-10FB50FE3BC3}.Debug|x64.Build.0 = Debug|x64
		{EFE18225-D80B-41D7-9ED2-10FB50FE3BC3}.Debug|x86.ActiveCfg = Debug|Win32
		{EFE18225-D80B-41D7-9ED2-10FB50FE3BC3}.Debug|x86.Build.0 = Debug|Win32
		{EFE18225-D80B-41D7-9ED2-10FB50FE3BC3}.Release|x64.ActiveCfg = Release|x64
		{EFE18225-D80B-41D7-9ED2-10FB50FE3BC3}.Release|x64.Build.0 = Release|x64
		{EFE18225-D80B-41D7-9ED2-10FB50FE3BC3}.Release|x86.ActiveCfg = Release|Win32
		{EFE18225-D80B-41D7-9ED2-10FB50FE3BC3}.Release|x86.Build.0 = Release|Win32
	EndGlobalSection
	GlobalSection(SolutionProperties) = preSolution
		HideSolutionNode = FALSE
	EndGlobalSection
	GlobalSection(ExtensibilityGlobals) = postSolution
		SolutionGuid = {229AFED2-70B6-4345-A2E6-97268DCEB379}
	EndGlobalSection
EndGlobal
